{
  "name": "zteller",
  "version": "1.0.0",
  "lockfileVersion": 3,
  "requires": true,
  "packages": {
    "": {
      "name": "zteller",
      "version": "1.0.0",
      "license": "ISC",
      "dependencies": {
        "jetpath": "^1.5.21",
        "safetoken": "^2.0.2"
      }
    },
    "node_modules/jetpath": {
      "version": "1.5.21",
      "resolved": "https://registry.npmjs.org/jetpath/-/jetpath-1.5.21.tgz",
      "integrity": "sha512-iarwZ/O2gy6TRXQdHWHjoI6m7oscwMVaTocEChdavjvmsFMRTdpprrzyTUNt5rUEEoV9ftXdAwIdJEeoMVf4NQ==",
      "license": "Apache",
      "dependencies": {
        "mime": "^4.0.1"
      },
      "engines": {
        "bun": ">=0.1.0",
        "node": ">=14.0.0"
      }
    },
    "node_modules/mime": {
      "version": "4.0.4",
      "resolved": "https://registry.npmjs.org/mime/-/mime-4.0.4.tgz",
      "integrity": "sha512-v8yqInVjhXyqP6+Kw4fV3ZzeMRqEW6FotRsKXjRS5VMTNIuXsdRoAvklpoRgSqXm6o9VNH4/C0mgedko9DdLsQ==",
      "funding": [
        "https://github.com/sponsors/broofa"
      ],
      "license": "MIT",
      "bin": {
        "mime": "bin/cli.js"
      },
      "engines": {
        "node": ">=16"
      }
    },
    "node_modules/safetoken": {
      "version": "2.0.2",
      "resolved": "https://registry.npmjs.org/safetoken/-/safetoken-2.0.2.tgz",
      "integrity": "sha512-YXH8yT9rvQifR5avAPRrkSSw9fLdTWtEuC7d+Ca96n0IpQueOgIJMAvFXOgHngISJLDZ0TdUJZoOFH9Yd+ar6Q==",
      "license": "MIT"
    }
  }
}
